PODS:
  - AliPlayerSDK_iOS (6.17.0):
    - AliPlayerSDK_iOS/AliPlayerSDK (= 6.17.0)
  - AliPlayerSDK_iOS/AliPlayerSDK (6.17.0)
  - FDFullscreenPopGesture (1.1)
  - IJKMediaFramework (0.1.5)
  - MJRefresh (3.4.3)
  - ZFPlayer (4.1.4):
    - ZFPlayer/Core (= 4.1.4)
  - ZFPlayer/aliplayer (4.1.4):
    - AliPlayerSDK_iOS (~> 6.17.0)
    - ZFPlayer/Core
  - ZFPlayer/AVPlayer (4.1.4):
    - ZFPlayer/Core
  - ZFPlayer/ControlView (4.1.4):
    - ZFPlayer/Core
  - ZFPlayer/Core (4.1.4)
  - ZFPlayer/ijkplayer (4.1.4):
    - IJKMediaFramework
    - ZFPlayer/Core

DEPENDENCIES:
  - FDFullscreenPopGesture
  - MJRefresh
  - ZFPlayer (from `../`)
  - ZFPlayer/aliplayer (from `../`)
  - ZFPlayer/AVPlayer (from `../`)
  - ZFPlayer/ControlView (from `../`)
  - ZFPlayer/ijkplayer (from `../`)

SPEC REPOS:
  https://github.com/CocoaPods/Specs.git:
    - AliPlayerSDK_iOS
    - FDFullscreenPopGesture
    - IJKMediaFramework
    - MJRefresh

EXTERNAL SOURCES:
  ZFPlayer:
    :path: "../"

SPEC CHECKSUMS:
  AliPlayerSDK_iOS: b8e61a2f430d5c8d63c690940f8f5f37fdb034d0
  FDFullscreenPopGesture: a8a620179e3d9c40e8e00256dcee1c1a27c6d0f0
  IJKMediaFramework: f1119f6324c96bc4654f3045a5beaa95ba0596c0
  MJRefresh: 53e3e3219f204425ee6d3e62e8733d3295944cd6
  ZFPlayer: 5517217b45e19a9670f16abaaa29fc6624a5db4c

PODFILE CHECKSUM: 24e51bb9af7a629c0b7ed535e9ce4a7ca2e7bd8c

COCOAPODS: 1.15.2
